
Microsoft Visual Studio Solution File, Format Version 12.00
# Visual Studio Version 17
VisualStudioVersion = 17.5.33530.505
MinimumVisualStudioVersion = 10.0.40219.1
Project("{FAE04EC0-301F-11D3-BF4B-00C04F79EFBC}") = "ConsoleApp2", "ConsoleApp2\ConsoleApp2.csproj", "{CE363239-E83D-46D8-8330-5DCE90358CD9}"
EndProject
Global
	GlobalSection(SolutionConfigurationPlatforms) = preSolution
		Debug|Any CPU = Debug|Any CPU
		Release|Any CPU = Release|Any CPU
	EndGlobalSection
	GlobalSection(ProjectConfigurationPlatforms) = postSolution
		{CE363239-E83D-46D8-8330-5DCE90358CD9}.Debug|Any CPU.ActiveCfg = Debug|Any CPU
		{CE363239-E83D-46D8-8330-5DCE90358CD9}.Debug|Any CPU.Build.0 = Debug|Any CPU
		{CE363239-E83D-46D8-8330-5DCE90358CD9}.Release|Any CPU.ActiveCfg = Release|Any CPU
		{CE363239-E83D-46D8-8330-5DCE90358CD9}.Release|Any CPU.Build.0 = Release|Any CPU
	EndGlobalSection
	GlobalSection(SolutionProperties) = preSolution
		HideSolutionNode = FALSE
	EndGlobalSection
	GlobalSection(ExtensibilityGlobals) = postSolution
		SolutionGuid = {0843D886-B011-4C69-ADE0-0EFFE93B923E}
	EndGlobalSection
EndGlobal
